
Microsoft Visual Studio Solution File, Format Version 12.00
# Visual Studio Version 17
VisualStudioVersion = 17.10.35004.147
MinimumVisualStudioVersion = 10.0.40219.1
Project("{FAE04EC0-301F-11D3-BF4B-00C04F79EFBC}") = "oopgyakorlas", "oopgyakorlas\oopgyakorlas.csproj", "{6AC54CAB-329F-4758-941E-7A132301FC17}"
EndProject
Global
	GlobalSection(SolutionConfigurationPlatforms) = preSolution
		Debug|Any CPU = Debug|Any CPU
		Release|Any CPU = Release|Any CPU
	EndGlobalSection
	GlobalSection(ProjectConfigurationPlatforms) = postSolution
		{6AC54CAB-329F-4758-941E-7A132301FC17}.Debug|Any CPU.ActiveCfg = Debug|Any CPU
		{6AC54CAB-329F-4758-941E-7A132301FC17}.Debug|Any CPU.Build.0 = Debug|Any CPU
		{6AC54CAB-329F-4758-941E-7A132301FC17}.Release|Any CPU.ActiveCfg = Release|Any CPU
		{6AC54CAB-329F-4758-941E-7A132301FC17}.Release|Any CPU.Build.0 = Release|Any CPU
	EndGlobalSection
	GlobalSection(SolutionProperties) = preSolution
		HideSolutionNode = FALSE
	EndGlobalSection
	GlobalSection(ExtensibilityGlobals) = postSolution
		SolutionGuid = {077178A3-011A-4C55-B34A-DBAE9E0BBBA4}
	EndGlobalSection
EndGlobal
